
Microsoft Visual Studio Solution File, Format Version 12.00
# Visual Studio Version 16
VisualStudioVersion = 16.0.30320.27
MinimumVisualStudioVersion = 10.0.40219.1
Project("{FAE04EC0-301F-11D3-BF4B-00C04F79EFBC}") = "TaskManager", "TaskManager.csproj", "{DD8F6BA3-6C2C-42C9-922E-DEACB84525F0}"
EndProject
Project("{FAE04EC0-301F-11D3-BF4B-00C04F79EFBC}") = "TaskManager.Entities", "..\TaskManager.Entities\TaskManager.Entities.csproj", "{6BB3E2D6-88DE-4814-9C31-18E0E3F8BCA8}"
EndProject
Project("{FAE04EC0-301F-11D3-BF4B-00C04F79EFBC}") = "TaskManager.DataLayer", "..\TaskManager.DataLayer\TaskManager.DataLayer.csproj", "{40DE5E90-58DB-4524-B9C1-A61AC17413B0}"
EndProject
Project("{FAE04EC0-301F-11D3-BF4B-00C04F79EFBC}") = "TaskManager.BusinessLayer", "..\TaskManager.BusinessLayer\TaskManager.BusinessLayer.csproj", "{73DAB58E-254C-414A-BC34-E19108EC80B2}"
EndProject
Project("{FAE04EC0-301F-11D3-BF4B-00C04F79EFBC}") = "TaskManager.Tests", "..\TaskManager.Tests\TaskManager.Tests.csproj", "{EC43FEDD-0C15-4E06-B1C3-2E41330C5263}"
EndProject
Global
	GlobalSection(SolutionConfigurationPlatforms) = preSolution
		Debug|Any CPU = Debug|Any CPU
		Release|Any CPU = Release|Any CPU
	EndGlobalSection
	GlobalSection(ProjectConfigurationPlatforms) = postSolution
		{DD8F6BA3-6C2C-42C9-922E-DEACB84525F0}.Debug|Any CPU.ActiveCfg = Debug|Any CPU
		{DD8F6BA3-6C2C-42C9-922E-DEACB84525F0}.Debug|Any CPU.Build.0 = Debug|Any CPU
		{DD8F6BA3-6C2C-42C9-922E-DEACB84525F0}.Release|Any CPU.ActiveCfg = Release|Any CPU
		{DD8F6BA3-6C2C-42C9-922E-DEACB84525F0}.Release|Any CPU.Build.0 = Release|Any CPU
		{6BB3E2D6-88DE-4814-9C31-18E0E3F8BCA8}.Debug|Any CPU.ActiveCfg = Debug|Any CPU
		{6BB3E2D6-88DE-4814-9C31-18E0E3F8BCA8}.Debug|Any CPU.Build.0 = Debug|Any CPU
		{6BB3E2D6-88DE-4814-9C31-18E0E3F8BCA8}.Release|Any CPU.ActiveCfg = Release|Any CPU
		{6BB3E2D6-88DE-4814-9C31-18E0E3F8BCA8}.Release|Any CPU.Build.0 = Release|Any CPU
		{40DE5E90-58DB-4524-B9C1-A61AC17413B0}.Debug|Any CPU.ActiveCfg = Debug|Any CPU
		{40DE5E90-58DB-4524-B9C1-A61AC17413B0}.Debug|Any CPU.Build.0 = Debug|Any CPU
		{40DE5E90-58DB-4524-B9C1-A61AC17413B0}.Release|Any CPU.ActiveCfg = Release|Any CPU
		{40DE5E90-58DB-4524-B9C1-A61AC17413B0}.Release|Any CPU.Build.0 = Release|Any CPU
		{73DAB58E-254C-414A-BC34-E19108EC80B2}.Debug|Any CPU.ActiveCfg = Debug|Any CPU
		{73DAB58E-254C-414A-BC34-E19108EC80B2}.Debug|Any CPU.Build.0 = Debug|Any CPU
		{73DAB58E-254C-414A-BC34-E19108EC80B2}.Release|Any CPU.ActiveCfg = Release|Any CPU
		{73DAB58E-254C-414A-BC34-E19108EC80B2}.Release|Any CPU.Build.0 = Release|Any CPU
		{EC43FEDD-0C15-4E06-B1C3-2E41330C5263}.Debug|Any CPU.ActiveCfg = Debug|Any CPU
		{EC43FEDD-0C15-4E06-B1C3-2E41330C5263}.Debug|Any CPU.Build.0 = Debug|Any CPU
		{EC43FEDD-0C15-4E06-B1C3-2E41330C5263}.Release|Any CPU.ActiveCfg = Release|Any CPU
		{EC43FEDD-0C15-4E06-B1C3-2E41330C5263}.Release|Any CPU.Build.0 = Release|Any CPU
	EndGlobalSection
	GlobalSection(SolutionProperties) = preSolution
		HideSolutionNode = FALSE
	EndGlobalSection
	GlobalSection(ExtensibilityGlobals) = postSolution
		SolutionGuid = {0D16BCBD-AC00-48D4-AAB7-22291B2F121F}
	EndGlobalSection
EndGlobal
